
Microsoft Visual Studio Solution File, Format Version 12.00
# Visual Studio Version 16
VisualStudioVersion = 16.0.29215.179
MinimumVisualStudioVersion = 10.0.40219.1
Project("{FAE04EC0-301F-11D3-BF4B-00C04F79EFBC}") = "Kemia", "Kemia.csproj", "{E493339A-4508-4A14-B825-FB24AA44157D}"
EndProject
Global
	GlobalSection(SolutionConfigurationPlatforms) = preSolution
		Debug|Any CPU = Debug|Any CPU
		Release|Any CPU = Release|Any CPU
	EndGlobalSection
	GlobalSection(ProjectConfigurationPlatforms) = postSolution
		{E493339A-4508-4A14-B825-FB24AA44157D}.Debug|Any CPU.ActiveCfg = Debug|Any CPU
		{E493339A-4508-4A14-B825-FB24AA44157D}.Debug|Any CPU.Build.0 = Debug|Any CPU
		{E493339A-4508-4A14-B825-FB24AA44157D}.Release|Any CPU.ActiveCfg = Release|Any CPU
		{E493339A-4508-4A14-B825-FB24AA44157D}.Release|Any CPU.Build.0 = Release|Any CPU
	EndGlobalSection
	GlobalSection(SolutionProperties) = preSolution
		HideSolutionNode = FALSE
	EndGlobalSection
	GlobalSection(ExtensibilityGlobals) = postSolution
		SolutionGuid = {37698A64-11DA-44E2-8462-2E4A6491FBB1}
	EndGlobalSection
EndGlobal
